
Microsoft Visual Studio Solution File, Format Version 12.00
# Visual Studio Version 17
VisualStudioVersion = 17.6.33626.354
MinimumVisualStudioVersion = 10.0.40219.1
Project("{FAE04EC0-301F-11D3-BF4B-00C04F79EFBC}") = "PeaceProcessor.Functions", "PeaceProcessor.Functions\PeaceProcessor.Functions.csproj", "{90227428-5317-4DDA-84BE-D1C05412F2C0}"
EndProject
Global
	GlobalSection(SolutionConfigurationPlatforms) = preSolution
		Debug|Any CPU = Debug|Any CPU
		Release|Any CPU = Release|Any CPU
	EndGlobalSection
	GlobalSection(ProjectConfigurationPlatforms) = postSolution
		{90227428-5317-4DDA-84BE-D1C05412F2C0}.Debug|Any CPU.ActiveCfg = Debug|Any CPU
		{90227428-5317-4DDA-84BE-D1C05412F2C0}.Debug|Any CPU.Build.0 = Debug|Any CPU
		{90227428-5317-4DDA-84BE-D1C05412F2C0}.Release|Any CPU.ActiveCfg = Release|Any CPU
		{90227428-5317-4DDA-84BE-D1C05412F2C0}.Release|Any CPU.Build.0 = Release|Any CPU
	EndGlobalSection
	GlobalSection(SolutionProperties) = preSolution
		HideSolutionNode = FALSE
	EndGlobalSection
	GlobalSection(ExtensibilityGlobals) = postSolution
		SolutionGuid = {35A26AD0-298B-48E7-AE00-DCAB8DEB01A4}
	EndGlobalSection
EndGlobal
